// !$*UTF8*$!
{
	archiveVersion = 1;
	classes = {
	};
	objectVersion = 56;
	objects = {

/* Begin PBXBuildFile section */
		339ED4E02A17A31700DCE551 /* Bajaj_TestApp.swift in Sources */ = {isa = PBXBuildFile; fileRef = 339ED4DF2A17A31700DCE551 /* Bajaj_TestApp.swift */; };
		339ED4E22A17A31700DCE551 /* ContentView.swift in Sources */ = {isa = PBXBuildFile; fileRef = 339ED4E12A17A31700DCE551 /* ContentView.swift */; };
		339ED4E42A17A31700DCE551 /* Assets.xcassets in Resources */ = {isa = PBXBuildFile; fileRef = 339ED4E32A17A31700DCE551 /* Assets.xcassets */; };
		339ED4E72A17A31700DCE551 /* Preview Assets.xcassets in Resources */ = {isa = PBXBuildFile; fileRef = 339ED4E62A17A31700DCE551 /* Preview Assets.xcassets */; };
		339ED4EF2A17A34C00DCE551 /* Projects.swift in Sources */ = {isa = PBXBuildFile; fileRef = 339ED4EE2A17A34C00DCE551 /* Projects.swift */; };
		339ED4F32A17A39A00DCE551 /* ProjectsView.swift in Sources */ = {isa = PBXBuildFile; fileRef = 339ED4F22A17A39A00DCE551 /* ProjectsView.swift */; };
		339ED4F52A17A58400DCE551 /* ProjectsViewModel.swift in Sources */ = {isa = PBXBuildFile; fileRef = 339ED4F42A17A58400DCE551 /* ProjectsViewModel.swift */; };
		339ED4F72A17ABEE00DCE551 /* DetailView.swift in Sources */ = {isa = PBXBuildFile; fileRef = 339ED4F62A17ABEE00DCE551 /* DetailView.swift */; };
/* End PBXBuildFile section */

/* Begin PBXFileReference section */
		339ED4DC2A17A31700DCE551 /* Bajaj Test.app */ = {isa = PBXFileReference; explicitFileType = wrapper.application; includeInIndex = 0; path = "Bajaj Test.app"; sourceTree = BUILT_PRODUCTS_DIR; };
		339ED4DF2A17A31700DCE551 /* Bajaj_TestApp.swift */ = {isa = PBXFileReference; lastKnownFileType = sourcecode.swift; path = Bajaj_TestApp.swift; sourceTree = "<group>"; };
		339ED4E12A17A31700DCE551 /* ContentView.swift */ = {isa = PBXFileReference; lastKnownFileType = sourcecode.swift; path = ContentView.swift; sourceTree = "<group>"; };
		339ED4E32A17A31700DCE551 /* Assets.xcassets */ = {isa = PBXFileReference; lastKnownFileType = folder.assetcatalog; path = Assets.xcassets; sourceTree = "<group>"; };
		339ED4E62A17A31700DCE551 /* Preview Assets.xcassets */ = {isa = PBXFileReference; lastKnownFileType = folder.assetcatalog; path = "Preview Assets.xcassets"; sourceTree = "<group>"; };
		339ED4EE2A17A34C00DCE551 /* Projects.swift */ = {isa = PBXFileReference; lastKnownFileType = sourcecode.swift; path = Projects.swift; sourceTree = "<group>"; };
		339ED4F22A17A39A00DCE551 /* ProjectsView.swift */ = {isa = PBXFileReference; lastKnownFileType = sourcecode.swift; path = ProjectsView.swift; sourceTree = "<group>"; };
		339ED4F42A17A58400DCE551 /* ProjectsViewModel.swift */ = {isa = PBXFileReference; lastKnownFileType = sourcecode.swift; path = ProjectsViewModel.swift; sourceTree = "<group>"; };
		339ED4F62A17ABEE00DCE551 /* DetailView.swift */ = {isa = PBXFileReference; lastKnownFileType = sourcecode.swift; path = DetailView.swift; sourceTree = "<group>"; };
/* End PBXFileReference section */

/* Begin PBXFrameworksBuildPhase section */
		339ED4D92A17A31700DCE551 /* Frameworks */ = {
			isa = PBXFrameworksBuildPhase;
			buildActionMask = 2147483647;
			files = (
			);
			runOnlyForDeploymentPostprocessing = 0;
		};
/* End PBXFrameworksBuildPhase section */

/* Begin PBXGroup section */
		339ED4D32A17A31700DCE551 = {
			isa = PBXGroup;
			children = (
				339ED4DE2A17A31700DCE551 /* Bajaj Test */,
				339ED4DD2A17A31700DCE551 /* Products */,
			);
			sourceTree = "<group>";
		};
		339ED4DD2A17A31700DCE551 /* Products */ = {
			isa = PBXGroup;
			children = (
				339ED4DC2A17A31700DCE551 /* Bajaj Test.app */,
			);
			name = Products;
			sourceTree = "<group>";
		};
		339ED4DE2A17A31700DCE551 /* Bajaj Test */ = {
			isa = PBXGroup;
			children = (
				339ED4DF2A17A31700DCE551 /* Bajaj_TestApp.swift */,
				339ED4E12A17A31700DCE551 /* ContentView.swift */,
				339ED4F12A17A38500DCE551 /* View */,
				339ED4F02A17A36900DCE551 /* ViewModel */,
				339ED4ED2A17A33D00DCE551 /* Model */,
				339ED4E32A17A31700DCE551 /* Assets.xcassets */,
				339ED4E52A17A31700DCE551 /* Preview Content */,
			);
			path = "Bajaj Test";
			sourceTree = "<group>";
		};
		339ED4E52A17A31700DCE551 /* Preview Content */ = {
			isa = PBXGroup;
			children = (
				339ED4E62A17A31700DCE551 /* Preview Assets.xcassets */,
			);
			path = "Preview Content";
			sourceTree = "<group>";
		};
		339ED4ED2A17A33D00DCE551 /* Model */ = {
			isa = PBXGroup;
			children = (
				339ED4EE2A17A34C00DCE551 /* Projects.swift */,
			);
			path = Model;
			sourceTree = "<group>";
		};
		339ED4F02A17A36900DCE551 /* ViewModel */ = {
			isa = PBXGroup;
			children = (
				339ED4F42A17A58400DCE551 /* ProjectsViewModel.swift */,
			);
			path = ViewModel;
			sourceTree = "<group>";
		};
		339ED4F12A17A38500DCE551 /* View */ = {
			isa = PBXGroup;
			children = (
				339ED4F22A17A39A00DCE551 /* ProjectsView.swift */,
				339ED4F62A17ABEE00DCE551 /* DetailView.swift */,
			);
			path = View;
			sourceTree = "<group>";
		};
/* End PBXGroup section */

/* Begin PBXNativeTarget section */
		339ED4DB2A17A31700DCE551 /* Bajaj Test */ = {
			isa = PBXNativeTarget;
			buildConfigurationList = 339ED4EA2A17A31700DCE551 /* Build configuration list for PBXNativeTarget "Bajaj Test" */;
			buildPhases = (
				339ED4D82A17A31700DCE551 /* Sources */,
				339ED4D92A17A31700DCE551 /* Frameworks */,
				339ED4DA2A17A31700DCE551 /* Resources */,
			);
			buildRules = (
			);
			dependencies = (
			);
			name = "Bajaj Test";
			productName = "Bajaj Test";
			productReference = 339ED4DC2A17A31700DCE551 /* Bajaj Test.app */;
			productType = "com.apple.product-type.application";
		};
/* End PBXNativeTarget section */

/* Begin PBXProject section */
		339ED4D42A17A31700DCE551 /* Project object */ = {
			isa = PBXProject;
			attributes = {
				BuildIndependentTargetsInParallel = 1;
				LastSwiftUpdateCheck = 1420;
				LastUpgradeCheck = 1420;
				TargetAttributes = {
					339ED4DB2A17A31700DCE551 = {
						CreatedOnToolsVersion = 14.2;
					};
				};
			};
			buildConfigurationList = 339ED4D72A17A31700DCE551 /* Build configuration list for PBXProject "Bajaj Test" */;
			compatibilityVersion = "Xcode 14.0";
			developmentRegion = en;
			hasScannedForEncodings = 0;
			knownRegions = (
				en,
				Base,
			);
			mainGroup = 339ED4D32A17A31700DCE551;
			productRefGroup = 339ED4DD2A17A31700DCE551 /* Products */;
			projectDirPath = "";
			projectRoot = "";
			targets = (
				339ED4DB2A17A31700DCE551 /* Bajaj Test */,
			);
		};
/* End PBXProject section */

/* Begin PBXResourcesBuildPhase section */
		339ED4DA2A17A31700DCE551 /* Resources */ = {
			isa = PBXResourcesBuildPhase;
			buildActionMask = 2147483647;
			files = (
				339ED4E72A17A31700DCE551 /* Preview Assets.xcassets in Resources */,
				339ED4E42A17A31700DCE551 /* Assets.xcassets in Resources */,
			);
			runOnlyForDeploymentPostprocessing = 0;
		};
/* End PBXResourcesBuildPhase section */

/* Begin PBXSourcesBuildPhase section */
		339ED4D82A17A31700DCE551 /* Sources */ = {
			isa = PBXSourcesBuildPhase;
			buildActionMask = 2147483647;
			files = (
				339ED4F52A17A58400DCE551 /* ProjectsViewModel.swift in Sources */,
				339ED4F72A17ABEE00DCE551 /* DetailView.swift in Sources */,
				339ED4EF2A17A34C00DCE551 /* Projects.swift in Sources */,
				339ED4E22A17A31700DCE551 /* ContentView.swift in Sources */,
				339ED4F32A17A39A00DCE551 /* ProjectsView.swift in Sources */,
				339ED4E02A17A31700DCE551 /* Bajaj_TestApp.swift in Sources */,
			);
			runOnlyForDeploymentPostprocessing = 0;
		};
/* End PBXSourcesBuildPhase section */

/* Begin XCBuildConfiguration section */
		339ED4E82A17A31700DCE551 /* Debug */ = {
			isa = XCBuildConfiguration;
			buildSettings = {
				ALWAYS_SEARCH_USER_PATHS = NO;
				CLANG_ANALYZER_NONNULL = YES;
				CLANG_ANALYZER_NUMBER_OBJECT_CONVERSION = YES_AGGRESSIVE;
				CLANG_CXX_LANGUAGE_STANDARD = "gnu++20";
				CLANG_ENABLE_MODULES = YES;
				CLANG_ENABLE_OBJC_ARC = YES;
				CLANG_ENABLE_OBJC_WEAK = YES;
				CLANG_WARN_BLOCK_CAPTURE_AUTORELEASING = YES;
				CLANG_WARN_BOOL_CONVERSION = YES;
				CLANG_WARN_COMMA = YES;
				CLANG_WARN_CONSTANT_CONVERSION = YES;
				CLANG_WARN_DEPRECATED_OBJC_IMPLEMENTATIONS = YES;
				CLANG_WARN_DIRECT_OBJC_ISA_USAGE = YES_ERROR;
				CLANG_WARN_DOCUMENTATION_COMMENTS = YES;
				CLANG_WARN_EMPTY_BODY = YES;
				CLANG_WARN_ENUM_CONVERSION = YES;
				CLANG_WARN_INFINITE_RECURSION = YES;
				CLANG_WARN_INT_CONVERSION = YES;
				CLANG_WARN_NON_LITERAL_NULL_CONVERSION = YES;
				CLANG_WARN_OBJC_IMPLICIT_RETAIN_SELF = YES;
				CLANG_WARN_OBJC_LITERAL_CONVERSION = YES;
				CLANG_WARN_OBJC_ROOT_CLASS = YES_ERROR;
				CLANG_WARN_QUOTED_INCLUDE_IN_FRAMEWORK_HEADER = YES;
				CLANG_WARN_RANGE_LOOP_ANALYSIS = YES;
				CLANG_WARN_STRICT_PROTOTYPES = YES;
				CLANG_WARN_SUSPICIOUS_MOVE = YES;
				CLANG_WARN_UNGUARDED_AVAILABILITY = YES_AGGRESSIVE;
				CLANG_WARN_UNREACHABLE_CODE = YES;
				CLANG_WARN__DUPLICATE_METHOD_MATCH = YES;
				COPY_PHASE_STRIP = NO;
				DEBUG_INFORMATION_FORMAT = dwarf;
				ENABLE_STRICT_OBJC_MSGSEND = YES;
				ENABLE_TESTABILITY = YES;
				GCC_C_LANGUAGE_STANDARD = gnu11;
				GCC_DYNAMIC_NO_PIC = NO;
				GCC_NO_COMMON_BLOCKS = YES;
				GCC_OPTIMIZATION_LEVEL = 0;
				GCC_PREPROCESSOR_DEFINITIONS = (
					"DEBUG=1",
					"$(inherited)",
				);
				GCC_WARN_64_TO_32_BIT_CONVERSION = YES;
				GCC_WARN_ABOUT_RETURN_TYPE = YES_ERROR;
				GCC_WARN_UNDECLARED_SELECTOR = YES;
				GCC_WARN_UNINITIALIZED_AUTOS = YES_AGGRESSIVE;
				GCC_WARN_UNUSED_FUNCTION = YES;
				GCC_WARN_UNUSED_VARIABLE = YES;
				IPHONEOS_DEPLOYMENT_TARGET = 16.2;
				MTL_ENABLE_DEBUG_INFO = INCLUDE_SOURCE;
				MTL_FAST_MATH = YES;
				ONLY_ACTIVE_ARCH = YES;
				SDKROOT = iphoneos;
				SWIFT_ACTIVE_COMPILATION_CONDITIONS = DEBUG;
				SWIFT_OPTIMIZATION_LEVEL = "-Onone";
			};
			name = Debug;
		};
		339ED4E92A17A31700DCE551 /* Release */ = {
			isa = XCBuildConfiguration;
			buildSettings = {
				ALWAYS_SEARCH_USER_PATHS = NO;
				CLANG_ANALYZER_NONNULL = YES;
				CLANG_ANALYZER_NUMBER_OBJECT_CONVERSION = YES_AGGRESSIVE;
				CLANG_CXX_LANGUAGE_STANDARD = "gnu++20";
				CLANG_ENABLE_MODULES = YES;
				CLANG_ENABLE_OBJC_ARC = YES;
				CLANG_ENABLE_OBJC_WEAK = YES;
				CLANG_WARN_BLOCK_CAPTURE_AUTORELEASING = YES;
				CLANG_WARN_BOOL_CONVERSION = YES;
				CLANG_WARN_COMMA = YES;
				CLANG_WARN_CONSTANT_CONVERSION = YES;
				CLANG_WARN_DEPRECATED_OBJC_IMPLEMENTATIONS = YES;
				CLANG_WARN_DIRECT_OBJC_ISA_USAGE = YES_ERROR;
				CLANG_WARN_DOCUMENTATION_COMMENTS = YES;
				CLANG_WARN_EMPTY_BODY = YES;
				CLANG_WARN_ENUM_CONVERSION = YES;
				CLANG_WARN_INFINITE_RECURSION = YES;
				CLANG_WARN_INT_CONVERSION = YES;
				CLANG_WARN_NON_LITERAL_NULL_CONVERSION = YES;
				CLANG_WARN_OBJC_IMPLICIT_RETAIN_SELF = YES;
				CLANG_WARN_OBJC_LITERAL_CONVERSION = YES;
				CLANG_WARN_OBJC_ROOT_CLASS = YES_ERROR;
				CLANG_WARN_QUOTED_INCLUDE_IN_FRAMEWORK_HEADER = YES;
				CLANG_WARN_RANGE_LOOP_ANALYSIS = YES;
				CLANG_WARN_STRICT_PROTOTYPES = YES;
				CLANG_WARN_SUSPICIOUS_MOVE = YES;
				CLANG_WARN_UNGUARDED_AVAILABILITY = YES_AGGRESSIVE;
				CLANG_WARN_UNREACHABLE_CODE = YES;
				CLANG_WARN__DUPLICATE_METHOD_MATCH = YES;
				COPY_PHASE_STRIP = NO;
				DEBUG_INFORMATION_FORMAT = "dwarf-with-dsym";
				ENABLE_NS_ASSERTIONS = NO;
				ENABLE_STRICT_OBJC_MSGSEND = YES;
				GCC_C_LANGUAGE_STANDARD = gnu11;
				GCC_NO_COMMON_BLOCKS = YES;
				GCC_WARN_64_TO_32_BIT_CONVERSION = YES;
				GCC_WARN_ABOUT_RETURN_TYPE = YES_ERROR;
				GCC_WARN_UNDECLARED_SELECTOR = YES;
				GCC_WARN_UNINITIALIZED_AUTOS = YES_AGGRESSIVE;
				GCC_WARN_UNUSED_FUNCTION = YES;
				GCC_WARN_UNUSED_VARIABLE = YES;
				IPHONEOS_DEPLOYMENT_TARGET = 16.2;
				MTL_ENABLE_DEBUG_INFO = NO;
				MTL_FAST_MATH = YES;
				SDKROOT = iphoneos;
				SWIFT_COMPILATION_MODE = wholemodule;
				SWIFT_OPTIMIZATION_LEVEL = "-O";
				VALIDATE_PRODUCT = YES;
			};
			name = Release;
		};
		339ED4EB2A17A31700DCE551 /* Debug */ = {
			isa = XCBuildConfiguration;
			buildSettings = {
				ASSETCATALOG_COMPILER_APPICON_NAME = AppIcon;
				ASSETCATALOG_COMPILER_GLOBAL_ACCENT_COLOR_NAME = AccentColor;
				CODE_SIGN_STYLE = Automatic;
				CURRENT_PROJECT_VERSION = 1;
				DEVELOPMENT_ASSET_PATHS = "\"Bajaj Test/Preview Content\"";
				DEVELOPMENT_TEAM = 4285Q8GQW5;
				ENABLE_PREVIEWS = YES;
				GENERATE_INFOPLIST_FILE = YES;
				INFOPLIST_KEY_UIApplicationSceneManifest_Generation = YES;
				INFOPLIST_KEY_UIApplicationSupportsIndirectInputEvents = YES;
				INFOPLIST_KEY_UILaunchScreen_Generation = YES;
				INFOPLIST_KEY_UISupportedInterfaceOrientations_iPad = "UIInterfaceOrientationPortrait UIInterfaceOrientationPortraitUpsideDown UIInterfaceOrientationLandscapeLeft UIInterfaceOrientationLandscapeRight";
				INFOPLIST_KEY_UISupportedInterfaceOrientations_iPhone = "UIInterfaceOrientationPortrait UIInterfaceOrientationLandscapeLeft UIInterfaceOrientationLandscapeRight";
				LD_RUNPATH_SEARCH_PATHS = (
					"$(inherited)",
					"@executable_path/Frameworks",
				);
				MARKETING_VERSION = 1.0;
				PRODUCT_BUNDLE_IDENTIFIER = "parakhprakhar.Bajaj-Test";
				PRODUCT_NAME = "$(TARGET_NAME)";
				SWIFT_EMIT_LOC_STRINGS = YES;
				SWIFT_VERSION = 5.0;
				TARGETED_DEVICE_FAMILY = "1,2";
			};
			name = Debug;
		};
		339ED4EC2A17A31700DCE551 /* Release */ = {
			isa = XCBuildConfiguration;
			buildSettings = {
				ASSETCATALOG_COMPILER_APPICON_NAME = AppIcon;
				ASSETCATALOG_COMPILER_GLOBAL_ACCENT_COLOR_NAME = AccentColor;
				CODE_SIGN_STYLE = Automatic;
				CURRENT_PROJECT_VERSION = 1;
				DEVELOPMENT_ASSET_PATHS = "\"Bajaj Test/Preview Content\"";
				DEVELOPMENT_TEAM = 4285Q8GQW5;
				ENABLE_PREVIEWS = YES;
				GENERATE_INFOPLIST_FILE = YES;
				INFOPLIST_KEY_UIApplicationSceneManifest_Generation = YES;
				INFOPLIST_KEY_UIApplicationSupportsIndirectInputEvents = YES;
				INFOPLIST_KEY_UILaunchScreen_Generation = YES;
				INFOPLIST_KEY_UISupportedInterfaceOrientations_iPad = "UIInterfaceOrientationPortrait UIInterfaceOrientationPortraitUpsideDown UIInterfaceOrientationLandscapeLeft UIInterfaceOrientationLandscapeRight";
				INFOPLIST_KEY_UISupportedInterfaceOrientations_iPhone = "UIInterfaceOrientationPortrait UIInterfaceOrientationLandscapeLeft UIInterfaceOrientationLandscapeRight";
				LD_RUNPATH_SEARCH_PATHS = (
					"$(inherited)",
					"@executable_path/Frameworks",
				);
				MARKETING_VERSION = 1.0;
				PRODUCT_BUNDLE_IDENTIFIER = "parakhprakhar.Bajaj-Test";
				PRODUCT_NAME = "$(TARGET_NAME)";
				SWIFT_EMIT_LOC_STRINGS = YES;
				SWIFT_VERSION = 5.0;
				TARGETED_DEVICE_FAMILY = "1,2";
			};
			name = Release;
		};
/* End XCBuildConfiguration section */

/* Begin XCConfigurationList section */
		339ED4D72A17A31700DCE551 /* Build configuration list for PBXProject "Bajaj Test" */ = {
			isa = XCConfigurationList;
			buildConfigurations = (
				339ED4E82A17A31700DCE551 /* Debug */,
				339ED4E92A17A31700DCE551 /* Release */,
			);
			defaultConfigurationIsVisible = 0;
			defaultConfigurationName = Release;
		};
		339ED4EA2A17A31700DCE551 /* Build configuration list for PBXNativeTarget "Bajaj Test" */ = {
			isa = XCConfigurationList;
			buildConfigurations = (
				339ED4EB2A17A31700DCE551 /* Debug */,
				339ED4EC2A17A31700DCE551 /* Release */,
			);
			defaultConfigurationIsVisible = 0;
			defaultConfigurationName = Release;
		};
/* End XCConfigurationList section */
	};
	rootObject = 339ED4D42A17A31700DCE551 /* Project object */;
}
